# This file is automatically @generated by Cargo.
# It is not intended for manual editing.
version = 3

[[package]]
name = "oro-arch-x86_64"
version = "0.0.0"
dependencies = [
 "oro-common",
]

[[package]]
name = "oro-bootloader-common"
version = "0.0.0"

[[package]]
name = "oro-bootloader-limine"
version = "0.0.0"
dependencies = [
 "oro-arch-x86_64",
 "oro-bootloader-common",
 "oro-common",
]

[[package]]
name = "oro-common"
version = "0.0.0"

[[package]]
name = "oro-kernel"
version = "0.0.0"
dependencies = [
 "oro-arch-x86_64",
 "oro-common",
]
